{
  "name": "Crmsales",
  "lockfileVersion": 3,
  "requires": true,
  "packages": {
    "": {
      "dependencies": {
        "@justcall/justcall-dialer-sdk": "^1.4.2"
      }
    },
    "node_modules/@justcall/justcall-dialer-sdk": {
      "version": "1.4.2",
      "resolved": "https://registry.npmjs.org/@justcall/justcall-dialer-sdk/-/justcall-dialer-sdk-1.4.2.tgz",
      "integrity": "sha512-glNmQvLUPGv17kuSb2fbbNZqEVxL1VJBUz2jwAC8Dy0vi1zCUGRWo/SN3g9FTROjoSesXNxQHwwEWU12T0Mojw==",
      "license": "Apache-2.0"
    }
  }
}
